
Microsoft Visual Studio Solution File, Format Version 12.00
# Visual Studio Version 17
VisualStudioVersion = 17.2.32519.379
MinimumVisualStudioVersion = 10.0.40219.1
Project("{FAE04EC0-301F-11D3-BF4B-00C04F79EFBC}") = "Archivos_Prog3", "Archivos_Prog3.csproj", "{3C481297-847C-4A79-AD77-89C4B5DBA896}"
EndProject
Global
	GlobalSection(SolutionConfigurationPlatforms) = preSolution
		Debug|Any CPU = Debug|Any CPU
		Release|Any CPU = Release|Any CPU
	EndGlobalSection
	GlobalSection(ProjectConfigurationPlatforms) = postSolution
		{3C481297-847C-4A79-AD77-89C4B5DBA896}.Debug|Any CPU.ActiveCfg = Debug|Any CPU
		{3C481297-847C-4A79-AD77-89C4B5DBA896}.Debug|Any CPU.Build.0 = Debug|Any CPU
		{3C481297-847C-4A79-AD77-89C4B5DBA896}.Release|Any CPU.ActiveCfg = Release|Any CPU
		{3C481297-847C-4A79-AD77-89C4B5DBA896}.Release|Any CPU.Build.0 = Release|Any CPU
	EndGlobalSection
	GlobalSection(SolutionProperties) = preSolution
		HideSolutionNode = FALSE
	EndGlobalSection
	GlobalSection(ExtensibilityGlobals) = postSolution
		SolutionGuid = {5ED1164D-A451-429E-B781-63A2AD3F9492}
	EndGlobalSection
EndGlobal
